
Microsoft Visual Studio Solution File, Format Version 12.00
# Visual Studio 15
VisualStudioVersion = 15.0.27428.2015
MinimumVisualStudioVersion = 10.0.40219.1
Project("{FAE04EC0-301F-11D3-BF4B-00C04F79EFBC}") = "FosterRightsCore", "FosterRightsCore\FosterRightsCore.csproj", "{AAEC5D34-6643-479C-A64C-3BF693EFBD81}"
EndProject
Global
	GlobalSection(SolutionConfigurationPlatforms) = preSolution
		Debug|Any CPU = Debug|Any CPU
		Release|Any CPU = Release|Any CPU
	EndGlobalSection
	GlobalSection(ProjectConfigurationPlatforms) = postSolution
		{AAEC5D34-6643-479C-A64C-3BF693EFBD81}.Debug|Any CPU.ActiveCfg = Debug|Any CPU
		{AAEC5D34-6643-479C-A64C-3BF693EFBD81}.Debug|Any CPU.Build.0 = Debug|Any CPU
		{AAEC5D34-6643-479C-A64C-3BF693EFBD81}.Release|Any CPU.ActiveCfg = Release|Any CPU
		{AAEC5D34-6643-479C-A64C-3BF693EFBD81}.Release|Any CPU.Build.0 = Release|Any CPU
	EndGlobalSection
	GlobalSection(SolutionProperties) = preSolution
		HideSolutionNode = FALSE
	EndGlobalSection
	GlobalSection(ExtensibilityGlobals) = postSolution
		SolutionGuid = {EF68963C-A157-48ED-8E64-2DE01CAF4CEB}
	EndGlobalSection
EndGlobal
